# Generated by pub
# See http://pub.dartlang.org/doc/glossary.html#lockfile
packages:
  ebisu:
    description:
      path: "/Users/dbdavidson/dev/open_source/codegen/dart/ebisu"
      relative: false
    source: path
    version: "0.0.1"
  pathos:
    description: pathos
    source: hosted
    version: "0.5.5"
