# Generated by pub
# See http://pub.dartlang.org/doc/glossary.html#lockfile
packages:
  ebisu:
    description:
      ref: null
      resolved-ref: c33a42e756332d2ce7bc7e7688f6ff804e82d874
      url: "git://github.com/patefacio/ebisu"
    source: git
    version: "0.0.1"
  pathos:
    description: pathos
    source: hosted
    version: "0.5.5"
